// !$*UTF8*$!
{
	archiveVersion = 1;
	classes = {
	};
	objectVersion = 56;
	objects = {

/* Begin PBXBuildFile section */
		A2A319CB2C951797001E2B66 /* ToDoDataModel.xcdatamodeld in Sources */ = {isa = PBXBuildFile; fileRef = A2A319C92C951797001E2B66 /* ToDoDataModel.xcdatamodeld */; };
		A2B29B8C2C93C49500986359 /* AppDelegate.swift in Sources */ = {isa = PBXBuildFile; fileRef = A2B29B8B2C93C49500986359 /* AppDelegate.swift */; };
		A2B29B8E2C93C49500986359 /* SceneDelegate.swift in Sources */ = {isa = PBXBuildFile; fileRef = A2B29B8D2C93C49500986359 /* SceneDelegate.swift */; };
		A2B29B902C93C49500986359 /* MainScreenViewController.swift in Sources */ = {isa = PBXBuildFile; fileRef = A2B29B8F2C93C49500986359 /* MainScreenViewController.swift */; };
		A2B29B952C93C49700986359 /* Assets.xcassets in Resources */ = {isa = PBXBuildFile; fileRef = A2B29B942C93C49700986359 /* Assets.xcassets */; };
		A2BBAE712C93E0A600F65ADA /* GenericViewController.swift in Sources */ = {isa = PBXBuildFile; fileRef = A2BBAE702C93E0A600F65ADA /* GenericViewController.swift */; };
		A2BBAE732C93E0C100F65ADA /* MainScreenView.swift in Sources */ = {isa = PBXBuildFile; fileRef = A2BBAE722C93E0C100F65ADA /* MainScreenView.swift */; };
		A2BBAE9D2C93FE4100F65ADA /* MainScreenInteractor.swift in Sources */ = {isa = PBXBuildFile; fileRef = A2BBAE9C2C93FE4100F65ADA /* MainScreenInteractor.swift */; };
		A2BBAE9F2C93FE4700F65ADA /* MainScreenPresenter.swift in Sources */ = {isa = PBXBuildFile; fileRef = A2BBAE9E2C93FE4700F65ADA /* MainScreenPresenter.swift */; };
		A2BBAEA32C93FE5900F65ADA /* MainScreenRouter.swift in Sources */ = {isa = PBXBuildFile; fileRef = A2BBAEA22C93FE5900F65ADA /* MainScreenRouter.swift */; };
		A2BBAEA82C940EDE00F65ADA /* ToDo.swift in Sources */ = {isa = PBXBuildFile; fileRef = A2BBAEA72C940EDE00F65ADA /* ToDo.swift */; };
		A2BBAEAA2C940EF600F65ADA /* ToDoService.swift in Sources */ = {isa = PBXBuildFile; fileRef = A2BBAEA92C940EF600F65ADA /* ToDoService.swift */; };
		A2C28D452C966CD4001D055C /* ToDoMO+CoreDataClass.swift in Sources */ = {isa = PBXBuildFile; fileRef = A2C28D432C966CD4001D055C /* ToDoMO+CoreDataClass.swift */; };
		A2C28D4A2C968D23001D055C /* ToDoCell.swift in Sources */ = {isa = PBXBuildFile; fileRef = A2C28D492C968D23001D055C /* ToDoCell.swift */; };
		A2C468282C9FE52000ECCF90 /* Category.swift in Sources */ = {isa = PBXBuildFile; fileRef = A2C468272C9FE52000ECCF90 /* Category.swift */; };
		A2D7C8202C9967010038DC93 /* TaskScreenViewController.swift in Sources */ = {isa = PBXBuildFile; fileRef = A2D7C81F2C9967010038DC93 /* TaskScreenViewController.swift */; };
		A2D7C8222C99670A0038DC93 /* TaskScreenView.swift in Sources */ = {isa = PBXBuildFile; fileRef = A2D7C8212C99670A0038DC93 /* TaskScreenView.swift */; };
		A2D7C8242C9967150038DC93 /* TaskScreenInteractor.swift in Sources */ = {isa = PBXBuildFile; fileRef = A2D7C8232C9967150038DC93 /* TaskScreenInteractor.swift */; };
		A2D7C8262C99671F0038DC93 /* TaskScreenPresenter.swift in Sources */ = {isa = PBXBuildFile; fileRef = A2D7C8252C99671F0038DC93 /* TaskScreenPresenter.swift */; };
		A2D7C82A2C9967530038DC93 /* TaskScreenRouter.swift in Sources */ = {isa = PBXBuildFile; fileRef = A2D7C8292C9967530038DC93 /* TaskScreenRouter.swift */; };
		A2D7C82C2C996C690038DC93 /* UIColor+CustomColor.swift in Sources */ = {isa = PBXBuildFile; fileRef = A2D7C82B2C996C690038DC93 /* UIColor+CustomColor.swift */; };
		A2FB18782C951C7000B5D2FD /* PersistentContainer.swift in Sources */ = {isa = PBXBuildFile; fileRef = A2FB18772C951C7000B5D2FD /* PersistentContainer.swift */; };
		A2FB187A2C951FF400B5D2FD /* ToDoDataManager.swift in Sources */ = {isa = PBXBuildFile; fileRef = A2FB18792C951FF400B5D2FD /* ToDoDataManager.swift */; };
		DD2FCAF32CA4FE00004E9222 /* UserManager.swift in Sources */ = {isa = PBXBuildFile; fileRef = DD2FCAF22CA4FE00004E9222 /* UserManager.swift */; };
		DD2FCAF52CA4FE27004E9222 /* TaskIDManger.swift in Sources */ = {isa = PBXBuildFile; fileRef = DD2FCAF42CA4FE27004E9222 /* TaskIDManger.swift */; };
		DD2FCB052CA50D57004E9222 /* MainScreenViewControllerTests.swift in Sources */ = {isa = PBXBuildFile; fileRef = DD2FCB042CA50D57004E9222 /* MainScreenViewControllerTests.swift */; };
		DD2FCB0B2CA5154F004E9222 /* MainScreenViewTests.swift in Sources */ = {isa = PBXBuildFile; fileRef = DD2FCB0A2CA5154F004E9222 /* MainScreenViewTests.swift */; };
		DD2FCB0D2CA5175E004E9222 /* MainScreenPresenterProtocolMock.swift in Sources */ = {isa = PBXBuildFile; fileRef = DD2FCB0C2CA5175E004E9222 /* MainScreenPresenterProtocolMock.swift */; };
		DD2FCB112CA51AF2004E9222 /* MainScreenViewInputMock.swift in Sources */ = {isa = PBXBuildFile; fileRef = DD2FCB102CA51AF2004E9222 /* MainScreenViewInputMock.swift */; };
		DD2FCB132CA51B1F004E9222 /* MainScreenInteractorProtocolMock.swift in Sources */ = {isa = PBXBuildFile; fileRef = DD2FCB122CA51B1F004E9222 /* MainScreenInteractorProtocolMock.swift */; };
		DD2FCB152CA51B90004E9222 /* MainScreenPresenterTests.swift in Sources */ = {isa = PBXBuildFile; fileRef = DD2FCB142CA51B90004E9222 /* MainScreenPresenterTests.swift */; };
		DD2FCB172CA51BD4004E9222 /* MainScreenRouterProtocolMock.swift in Sources */ = {isa = PBXBuildFile; fileRef = DD2FCB162CA51BD4004E9222 /* MainScreenRouterProtocolMock.swift */; };
		DD2FCB192CA51CFD004E9222 /* MainScreenRouterTests.swift in Sources */ = {isa = PBXBuildFile; fileRef = DD2FCB182CA51CFD004E9222 /* MainScreenRouterTests.swift */; };
		DD2FCB1B2CA51D45004E9222 /* UIViewControllerMock.swift in Sources */ = {isa = PBXBuildFile; fileRef = DD2FCB1A2CA51D45004E9222 /* UIViewControllerMock.swift */; };
		DD2FCB1D2CA51DD3004E9222 /* ToDoServiceMock.swift in Sources */ = {isa = PBXBuildFile; fileRef = DD2FCB1C2CA51DD3004E9222 /* ToDoServiceMock.swift */; };
		DD2FCB1F2CA51E02004E9222 /* ToDoDataManagerMock.swift in Sources */ = {isa = PBXBuildFile; fileRef = DD2FCB1E2CA51E02004E9222 /* ToDoDataManagerMock.swift */; };
		DD2FCB212CA51E58004E9222 /* MainScreenInteractorTests.swift in Sources */ = {isa = PBXBuildFile; fileRef = DD2FCB202CA51E58004E9222 /* MainScreenInteractorTests.swift */; };
		DD2FCB232CA51FF8004E9222 /* MainScreenPresenterMock.swift in Sources */ = {isa = PBXBuildFile; fileRef = DD2FCB222CA51FF8004E9222 /* MainScreenPresenterMock.swift */; };
		DD2FCB2D2CA527B2004E9222 /* TaskScreenViewControllerTests.swift in Sources */ = {isa = PBXBuildFile; fileRef = DD2FCB2C2CA527B2004E9222 /* TaskScreenViewControllerTests.swift */; };
		DD2FCB2F2CA52854004E9222 /* TaskScreenPresenterMock.swift in Sources */ = {isa = PBXBuildFile; fileRef = DD2FCB2E2CA52854004E9222 /* TaskScreenPresenterMock.swift */; };
		DD2FCB312CA528CD004E9222 /* TaskScreenViewTests.swift in Sources */ = {isa = PBXBuildFile; fileRef = DD2FCB302CA528CD004E9222 /* TaskScreenViewTests.swift */; };
		DD2FCB332CA529CE004E9222 /* TaskScreenPresenterTests.swift in Sources */ = {isa = PBXBuildFile; fileRef = DD2FCB322CA529CE004E9222 /* TaskScreenPresenterTests.swift */; };
		DD2FCB352CA52A53004E9222 /* TaskScreenInteractorMock.swift in Sources */ = {isa = PBXBuildFile; fileRef = DD2FCB342CA52A53004E9222 /* TaskScreenInteractorMock.swift */; };
		DD2FCB372CA52ABB004E9222 /* TaskScreenRouterMock.swift in Sources */ = {isa = PBXBuildFile; fileRef = DD2FCB362CA52ABB004E9222 /* TaskScreenRouterMock.swift */; };
		DD2FCB392CA532F6004E9222 /* TaskScreenViewControllerMock.swift in Sources */ = {isa = PBXBuildFile; fileRef = DD2FCB382CA532F6004E9222 /* TaskScreenViewControllerMock.swift */; };
		DD2FCB3B2CA5341C004E9222 /* TaskScreenViewControllerInputMock.swift in Sources */ = {isa = PBXBuildFile; fileRef = DD2FCB3A2CA5341C004E9222 /* TaskScreenViewControllerInputMock.swift */; };
		DD2FCB3D2CA53534004E9222 /* TaskScreenInteractorTests.swift in Sources */ = {isa = PBXBuildFile; fileRef = DD2FCB3C2CA53533004E9222 /* TaskScreenInteractorTests.swift */; };
		DD2FCB3F2CA536AE004E9222 /* UserManagerMock.swift in Sources */ = {isa = PBXBuildFile; fileRef = DD2FCB3E2CA536AE004E9222 /* UserManagerMock.swift */; };
		DD2FCB412CA536D1004E9222 /* TaskIDManegerMock.swift in Sources */ = {isa = PBXBuildFile; fileRef = DD2FCB402CA536D1004E9222 /* TaskIDManegerMock.swift */; };
		DD2FCB432CA539D7004E9222 /* TaskScreenRouterTests.swift in Sources */ = {isa = PBXBuildFile; fileRef = DD2FCB422CA539D7004E9222 /* TaskScreenRouterTests.swift */; };
		DD2FCB452CA53A06004E9222 /* ViewControllerMock.swift in Sources */ = {isa = PBXBuildFile; fileRef = DD2FCB442CA53A06004E9222 /* ViewControllerMock.swift */; };
		DDCB757E2CA636CC00671699 /* MainScreenContract.swift in Sources */ = {isa = PBXBuildFile; fileRef = DDCB757D2CA636CC00671699 /* MainScreenContract.swift */; };
/* End PBXBuildFile section */

/* Begin PBXContainerItemProxy section */
		DD2FCAFE2CA50C9E004E9222 /* PBXContainerItemProxy */ = {
			isa = PBXContainerItemProxy;
			containerPortal = A2B29B802C93C49500986359 /* Project object */;
			proxyType = 1;
			remoteGlobalIDString = A2B29B872C93C49500986359;
			remoteInfo = ToDoJson;
		};
/* End PBXContainerItemProxy section */

/* Begin PBXFileReference section */
		A2A319CA2C951797001E2B66 /* ToDoDataModel.xcdatamodel */ = {isa = PBXFileReference; lastKnownFileType = wrapper.xcdatamodel; path = ToDoDataModel.xcdatamodel; sourceTree = "<group>"; };
		A2B29B882C93C49500986359 /* ToDoJson.app */ = {isa = PBXFileReference; explicitFileType = wrapper.application; includeInIndex = 0; path = ToDoJson.app; sourceTree = BUILT_PRODUCTS_DIR; };
		A2B29B8B2C93C49500986359 /* AppDelegate.swift */ = {isa = PBXFileReference; lastKnownFileType = sourcecode.swift; path = AppDelegate.swift; sourceTree = "<group>"; };
		A2B29B8D2C93C49500986359 /* SceneDelegate.swift */ = {isa = PBXFileReference; lastKnownFileType = sourcecode.swift; path = SceneDelegate.swift; sourceTree = "<group>"; };
		A2B29B8F2C93C49500986359 /* MainScreenViewController.swift */ = {isa = PBXFileReference; lastKnownFileType = sourcecode.swift; path = MainScreenViewController.swift; sourceTree = "<group>"; };
		A2B29B942C93C49700986359 /* Assets.xcassets */ = {isa = PBXFileReference; lastKnownFileType = folder.assetcatalog; path = Assets.xcassets; sourceTree = "<group>"; };
		A2B29B992C93C49700986359 /* Info.plist */ = {isa = PBXFileReference; lastKnownFileType = text.plist.xml; path = Info.plist; sourceTree = "<group>"; };
		A2BBAE702C93E0A600F65ADA /* GenericViewController.swift */ = {isa = PBXFileReference; lastKnownFileType = sourcecode.swift; path = GenericViewController.swift; sourceTree = "<group>"; };
		A2BBAE722C93E0C100F65ADA /* MainScreenView.swift */ = {isa = PBXFileReference; lastKnownFileType = sourcecode.swift; path = MainScreenView.swift; sourceTree = "<group>"; };
		A2BBAE9C2C93FE4100F65ADA /* MainScreenInteractor.swift */ = {isa = PBXFileReference; lastKnownFileType = sourcecode.swift; path = MainScreenInteractor.swift; sourceTree = "<group>"; };
		A2BBAE9E2C93FE4700F65ADA /* MainScreenPresenter.swift */ = {isa = PBXFileReference; lastKnownFileType = sourcecode.swift; path = MainScreenPresenter.swift; sourceTree = "<group>"; };
		A2BBAEA22C93FE5900F65ADA /* MainScreenRouter.swift */ = {isa = PBXFileReference; lastKnownFileType = sourcecode.swift; path = MainScreenRouter.swift; sourceTree = "<group>"; };
		A2BBAEA72C940EDE00F65ADA /* ToDo.swift */ = {isa = PBXFileReference; lastKnownFileType = sourcecode.swift; path = ToDo.swift; sourceTree = "<group>"; };
		A2BBAEA92C940EF600F65ADA /* ToDoService.swift */ = {isa = PBXFileReference; lastKnownFileType = sourcecode.swift; path = ToDoService.swift; sourceTree = "<group>"; };
		A2C28D432C966CD4001D055C /* ToDoMO+CoreDataClass.swift */ = {isa = PBXFileReference; lastKnownFileType = sourcecode.swift; path = "ToDoMO+CoreDataClass.swift"; sourceTree = "<group>"; };
		A2C28D492C968D23001D055C /* ToDoCell.swift */ = {isa = PBXFileReference; lastKnownFileType = sourcecode.swift; path = ToDoCell.swift; sourceTree = "<group>"; };
		A2C468272C9FE52000ECCF90 /* Category.swift */ = {isa = PBXFileReference; lastKnownFileType = sourcecode.swift; path = Category.swift; sourceTree = "<group>"; };
		A2D7C81F2C9967010038DC93 /* TaskScreenViewController.swift */ = {isa = PBXFileReference; lastKnownFileType = sourcecode.swift; path = TaskScreenViewController.swift; sourceTree = "<group>"; };
		A2D7C8212C99670A0038DC93 /* TaskScreenView.swift */ = {isa = PBXFileReference; lastKnownFileType = sourcecode.swift; path = TaskScreenView.swift; sourceTree = "<group>"; };
		A2D7C8232C9967150038DC93 /* TaskScreenInteractor.swift */ = {isa = PBXFileReference; lastKnownFileType = sourcecode.swift; path = TaskScreenInteractor.swift; sourceTree = "<group>"; };
		A2D7C8252C99671F0038DC93 /* TaskScreenPresenter.swift */ = {isa = PBXFileReference; lastKnownFileType = sourcecode.swift; path = TaskScreenPresenter.swift; sourceTree = "<group>"; };
		A2D7C8292C9967530038DC93 /* TaskScreenRouter.swift */ = {isa = PBXFileReference; lastKnownFileType = sourcecode.swift; path = TaskScreenRouter.swift; sourceTree = "<group>"; };
		A2D7C82B2C996C690038DC93 /* UIColor+CustomColor.swift */ = {isa = PBXFileReference; lastKnownFileType = sourcecode.swift; path = "UIColor+CustomColor.swift"; sourceTree = "<group>"; };
		A2FB18772C951C7000B5D2FD /* PersistentContainer.swift */ = {isa = PBXFileReference; lastKnownFileType = sourcecode.swift; path = PersistentContainer.swift; sourceTree = "<group>"; };
		A2FB18792C951FF400B5D2FD /* ToDoDataManager.swift */ = {isa = PBXFileReference; lastKnownFileType = sourcecode.swift; path = ToDoDataManager.swift; sourceTree = "<group>"; };
		DD2FCAF22CA4FE00004E9222 /* UserManager.swift */ = {isa = PBXFileReference; lastKnownFileType = sourcecode.swift; path = UserManager.swift; sourceTree = "<group>"; };
		DD2FCAF42CA4FE27004E9222 /* TaskIDManger.swift */ = {isa = PBXFileReference; lastKnownFileType = sourcecode.swift; path = TaskIDManger.swift; sourceTree = "<group>"; };
		DD2FCAFA2CA50C9E004E9222 /* ToDoJsonTests.xctest */ = {isa = PBXFileReference; explicitFileType = wrapper.cfbundle; includeInIndex = 0; path = ToDoJsonTests.xctest; sourceTree = BUILT_PRODUCTS_DIR; };
		DD2FCB042CA50D57004E9222 /* MainScreenViewControllerTests.swift */ = {isa = PBXFileReference; lastKnownFileType = sourcecode.swift; path = MainScreenViewControllerTests.swift; sourceTree = "<group>"; };
		DD2FCB0A2CA5154F004E9222 /* MainScreenViewTests.swift */ = {isa = PBXFileReference; lastKnownFileType = sourcecode.swift; path = MainScreenViewTests.swift; sourceTree = "<group>"; };
		DD2FCB0C2CA5175E004E9222 /* MainScreenPresenterProtocolMock.swift */ = {isa = PBXFileReference; lastKnownFileType = sourcecode.swift; path = MainScreenPresenterProtocolMock.swift; sourceTree = "<group>"; };
		DD2FCB102CA51AF2004E9222 /* MainScreenViewInputMock.swift */ = {isa = PBXFileReference; lastKnownFileType = sourcecode.swift; path = MainScreenViewInputMock.swift; sourceTree = "<group>"; };
		DD2FCB122CA51B1F004E9222 /* MainScreenInteractorProtocolMock.swift */ = {isa = PBXFileReference; lastKnownFileType = sourcecode.swift; path = MainScreenInteractorProtocolMock.swift; sourceTree = "<group>"; };
		DD2FCB142CA51B90004E9222 /* MainScreenPresenterTests.swift */ = {isa = PBXFileReference; lastKnownFileType = sourcecode.swift; path = MainScreenPresenterTests.swift; sourceTree = "<group>"; };
		DD2FCB162CA51BD4004E9222 /* MainScreenRouterProtocolMock.swift */ = {isa = PBXFileReference; lastKnownFileType = sourcecode.swift; path = MainScreenRouterProtocolMock.swift; sourceTree = "<group>"; };
		DD2FCB182CA51CFD004E9222 /* MainScreenRouterTests.swift */ = {isa = PBXFileReference; lastKnownFileType = sourcecode.swift; path = MainScreenRouterTests.swift; sourceTree = "<group>"; };
		DD2FCB1A2CA51D45004E9222 /* UIViewControllerMock.swift */ = {isa = PBXFileReference; lastKnownFileType = sourcecode.swift; path = UIViewControllerMock.swift; sourceTree = "<group>"; };
		DD2FCB1C2CA51DD3004E9222 /* ToDoServiceMock.swift */ = {isa = PBXFileReference; lastKnownFileType = sourcecode.swift; path = ToDoServiceMock.swift; sourceTree = "<group>"; };
		DD2FCB1E2CA51E02004E9222 /* ToDoDataManagerMock.swift */ = {isa = PBXFileReference; lastKnownFileType = sourcecode.swift; path = ToDoDataManagerMock.swift; sourceTree = "<group>"; };
		DD2FCB202CA51E58004E9222 /* MainScreenInteractorTests.swift */ = {isa = PBXFileReference; lastKnownFileType = sourcecode.swift; path = MainScreenInteractorTests.swift; sourceTree = "<group>"; };
		DD2FCB222CA51FF8004E9222 /* MainScreenPresenterMock.swift */ = {isa = PBXFileReference; lastKnownFileType = sourcecode.swift; path = MainScreenPresenterMock.swift; sourceTree = "<group>"; };
		DD2FCB2C2CA527B2004E9222 /* TaskScreenViewControllerTests.swift */ = {isa = PBXFileReference; lastKnownFileType = sourcecode.swift; path = TaskScreenViewControllerTests.swift; sourceTree = "<group>"; };
		DD2FCB2E2CA52854004E9222 /* TaskScreenPresenterMock.swift */ = {isa = PBXFileReference; lastKnownFileType = sourcecode.swift; path = TaskScreenPresenterMock.swift; sourceTree = "<group>"; };
		DD2FCB302CA528CD004E9222 /* TaskScreenViewTests.swift */ = {isa = PBXFileReference; lastKnownFileType = sourcecode.swift; path = TaskScreenViewTests.swift; sourceTree = "<group>"; };
		DD2FCB322CA529CE004E9222 /* TaskScreenPresenterTests.swift */ = {isa = PBXFileReference; lastKnownFileType = sourcecode.swift; path = TaskScreenPresenterTests.swift; sourceTree = "<group>"; };
		DD2FCB342CA52A53004E9222 /* TaskScreenInteractorMock.swift */ = {isa = PBXFileReference; lastKnownFileType = sourcecode.swift; path = TaskScreenInteractorMock.swift; sourceTree = "<group>"; };
		DD2FCB362CA52ABB004E9222 /* TaskScreenRouterMock.swift */ = {isa = PBXFileReference; lastKnownFileType = sourcecode.swift; path = TaskScreenRouterMock.swift; sourceTree = "<group>"; };
		DD2FCB382CA532F6004E9222 /* TaskScreenViewControllerMock.swift */ = {isa = PBXFileReference; lastKnownFileType = sourcecode.swift; path = TaskScreenViewControllerMock.swift; sourceTree = "<group>"; };
		DD2FCB3A2CA5341C004E9222 /* TaskScreenViewControllerInputMock.swift */ = {isa = PBXFileReference; lastKnownFileType = sourcecode.swift; path = TaskScreenViewControllerInputMock.swift; sourceTree = "<group>"; };
		DD2FCB3C2CA53533004E9222 /* TaskScreenInteractorTests.swift */ = {isa = PBXFileReference; lastKnownFileType = sourcecode.swift; path = TaskScreenInteractorTests.swift; sourceTree = "<group>"; };
		DD2FCB3E2CA536AE004E9222 /* UserManagerMock.swift */ = {isa = PBXFileReference; lastKnownFileType = sourcecode.swift; path = UserManagerMock.swift; sourceTree = "<group>"; };
		DD2FCB402CA536D1004E9222 /* TaskIDManegerMock.swift */ = {isa = PBXFileReference; lastKnownFileType = sourcecode.swift; path = TaskIDManegerMock.swift; sourceTree = "<group>"; };
		DD2FCB422CA539D7004E9222 /* TaskScreenRouterTests.swift */ = {isa = PBXFileReference; lastKnownFileType = sourcecode.swift; path = TaskScreenRouterTests.swift; sourceTree = "<group>"; };
		DD2FCB442CA53A06004E9222 /* ViewControllerMock.swift */ = {isa = PBXFileReference; lastKnownFileType = sourcecode.swift; path = ViewControllerMock.swift; sourceTree = "<group>"; };
		DDCB757D2CA636CC00671699 /* MainScreenContract.swift */ = {isa = PBXFileReference; lastKnownFileType = sourcecode.swift; path = MainScreenContract.swift; sourceTree = "<group>"; };
/* End PBXFileReference section */

/* Begin PBXFrameworksBuildPhase section */
		A2B29B852C93C49500986359 /* Frameworks */ = {
			isa = PBXFrameworksBuildPhase;
			buildActionMask = 2147483647;
			files = (
			);
			runOnlyForDeploymentPostprocessing = 0;
		};
		DD2FCAF72CA50C9E004E9222 /* Frameworks */ = {
			isa = PBXFrameworksBuildPhase;
			buildActionMask = 2147483647;
			files = (
			);
			runOnlyForDeploymentPostprocessing = 0;
		};
/* End PBXFrameworksBuildPhase section */

/* Begin PBXGroup section */
		A2AEB55E2C9A98C9009E0D60 /* View */ = {
			isa = PBXGroup;
			children = (
				A2D7C81F2C9967010038DC93 /* TaskScreenViewController.swift */,
				A2D7C8212C99670A0038DC93 /* TaskScreenView.swift */,
			);
			path = View;
			sourceTree = "<group>";
		};
		A2AEB5602C9C0199009E0D60 /* Models */ = {
			isa = PBXGroup;
			children = (
				A2BBAEA72C940EDE00F65ADA /* ToDo.swift */,
			);
			path = Models;
			sourceTree = "<group>";
		};
		A2B29B7F2C93C49500986359 = {
			isa = PBXGroup;
			children = (
				A2B29B8A2C93C49500986359 /* ToDoJson */,
				DD2FCAFB2CA50C9E004E9222 /* ToDoJsonTests */,
				A2B29B892C93C49500986359 /* Products */,
			);
			sourceTree = "<group>";
		};
		A2B29B892C93C49500986359 /* Products */ = {
			isa = PBXGroup;
			children = (
				A2B29B882C93C49500986359 /* ToDoJson.app */,
				DD2FCAFA2CA50C9E004E9222 /* ToDoJsonTests.xctest */,
			);
			name = Products;
			sourceTree = "<group>";
		};
		A2B29B8A2C93C49500986359 /* ToDoJson */ = {
			isa = PBXGroup;
			children = (
				A2BBAE972C93FDE900F65ADA /* Modules */,
				DD2FCAF12CA4FDDD004E9222 /* Services */,
				A2BBAEA52C94039600F65ADA /* Persistence */,
				A2BBAEA42C94039200F65ADA /* Network */,
				A2AEB5602C9C0199009E0D60 /* Models */,
				A2BBAE6F2C93E09B00F65ADA /* Helpers */,
				A2B29B9F2C93C53500986359 /* Resources */,
			);
			path = ToDoJson;
			sourceTree = "<group>";
		};
		A2B29B9F2C93C53500986359 /* Resources */ = {
			isa = PBXGroup;
			children = (
				A2B29B8B2C93C49500986359 /* AppDelegate.swift */,
				A2B29B8D2C93C49500986359 /* SceneDelegate.swift */,
				A2B29B942C93C49700986359 /* Assets.xcassets */,
				A2B29B992C93C49700986359 /* Info.plist */,
			);
			path = Resources;
			sourceTree = "<group>";
		};
		A2BBAE6F2C93E09B00F65ADA /* Helpers */ = {
			isa = PBXGroup;
			children = (
				A2BBAE702C93E0A600F65ADA /* GenericViewController.swift */,
				A2D7C82B2C996C690038DC93 /* UIColor+CustomColor.swift */,
			);
			path = Helpers;
			sourceTree = "<group>";
		};
		A2BBAE972C93FDE900F65ADA /* Modules */ = {
			isa = PBXGroup;
			children = (
				A2BBAE992C93FDF500F65ADA /* TaskScreenModule */,
				A2BBAE982C93FDEF00F65ADA /* MainScreenModule */,
			);
			path = Modules;
			sourceTree = "<group>";
		};
		A2BBAE982C93FDEF00F65ADA /* MainScreenModule */ = {
			isa = PBXGroup;
			children = (
				A2C28D482C968D11001D055C /* View */,
				A2BBAE9C2C93FE4100F65ADA /* MainScreenInteractor.swift */,
				A2BBAE9E2C93FE4700F65ADA /* MainScreenPresenter.swift */,
				A2BBAEA22C93FE5900F65ADA /* MainScreenRouter.swift */,
				DDCB757D2CA636CC00671699 /* MainScreenContract.swift */,
				DD2FCB0E2CA519CB004E9222 /* Common */,
			);
			path = MainScreenModule;
			sourceTree = "<group>";
		};
		A2BBAE992C93FDF500F65ADA /* TaskScreenModule */ = {
			isa = PBXGroup;
			children = (
				A2AEB55E2C9A98C9009E0D60 /* View */,
				A2D7C8232C9967150038DC93 /* TaskScreenInteractor.swift */,
				A2D7C8252C99671F0038DC93 /* TaskScreenPresenter.swift */,
				A2D7C8292C9967530038DC93 /* TaskScreenRouter.swift */,
			);
			path = TaskScreenModule;
			sourceTree = "<group>";
		};
		A2BBAEA42C94039200F65ADA /* Network */ = {
			isa = PBXGroup;
			children = (
				A2BBAEA92C940EF600F65ADA /* ToDoService.swift */,
			);
			path = Network;
			sourceTree = "<group>";
		};
		A2BBAEA52C94039600F65ADA /* Persistence */ = {
			isa = PBXGroup;
			children = (
				A2C28D432C966CD4001D055C /* ToDoMO+CoreDataClass.swift */,
				A2A319C92C951797001E2B66 /* ToDoDataModel.xcdatamodeld */,
				A2FB18792C951FF400B5D2FD /* ToDoDataManager.swift */,
				A2FB18772C951C7000B5D2FD /* PersistentContainer.swift */,
			);
			path = Persistence;
			sourceTree = "<group>";
		};
		A2C28D482C968D11001D055C /* View */ = {
			isa = PBXGroup;
			children = (
				A2B29B8F2C93C49500986359 /* MainScreenViewController.swift */,
				A2BBAE722C93E0C100F65ADA /* MainScreenView.swift */,
				A2C28D492C968D23001D055C /* ToDoCell.swift */,
			);
			path = View;
			sourceTree = "<group>";
		};
		DD2FCAF12CA4FDDD004E9222 /* Services */ = {
			isa = PBXGroup;
			children = (
				DD2FCAF22CA4FE00004E9222 /* UserManager.swift */,
				DD2FCAF42CA4FE27004E9222 /* TaskIDManger.swift */,
			);
			path = Services;
			sourceTree = "<group>";
		};
		DD2FCAFB2CA50C9E004E9222 /* ToDoJsonTests */ = {
			isa = PBXGroup;
			children = (
				DD2FCB032CA50D41004E9222 /* MainScreenModule */,
				DD2FCB272CA525CA004E9222 /* TaskScreenModule */,
			);
			path = ToDoJsonTests;
			sourceTree = "<group>";
		};
		DD2FCB032CA50D41004E9222 /* MainScreenModule */ = {
			isa = PBXGroup;
			children = (
				DD2FCB0F2CA51ACA004E9222 /* MainScreenMocks */,
				DD2FCB262CA52332004E9222 /* MainScreenTests */,
			);
			path = MainScreenModule;
			sourceTree = "<group>";
		};
		DD2FCB0E2CA519CB004E9222 /* Common */ = {
			isa = PBXGroup;
			children = (
				A2C468272C9FE52000ECCF90 /* Category.swift */,
			);
			path = Common;
			sourceTree = "<group>";
		};
		DD2FCB0F2CA51ACA004E9222 /* MainScreenMocks */ = {
			isa = PBXGroup;
			children = (
				DD2FCB252CA522E0004E9222 /* MockObjects */,
				DD2FCB242CA522DB004E9222 /* MockProtocols */,
			);
			path = MainScreenMocks;
			sourceTree = "<group>";
		};
		DD2FCB242CA522DB004E9222 /* MockProtocols */ = {
			isa = PBXGroup;
			children = (
				DD2FCB162CA51BD4004E9222 /* MainScreenRouterProtocolMock.swift */,
				DD2FCB122CA51B1F004E9222 /* MainScreenInteractorProtocolMock.swift */,
				DD2FCB0C2CA5175E004E9222 /* MainScreenPresenterProtocolMock.swift */,
			);
			path = MockProtocols;
			sourceTree = "<group>";
		};
		DD2FCB252CA522E0004E9222 /* MockObjects */ = {
			isa = PBXGroup;
			children = (
				DD2FCB222CA51FF8004E9222 /* MainScreenPresenterMock.swift */,
				DD2FCB1E2CA51E02004E9222 /* ToDoDataManagerMock.swift */,
				DD2FCB1C2CA51DD3004E9222 /* ToDoServiceMock.swift */,
				DD2FCB1A2CA51D45004E9222 /* UIViewControllerMock.swift */,
				DD2FCB102CA51AF2004E9222 /* MainScreenViewInputMock.swift */,
			);
			path = MockObjects;
			sourceTree = "<group>";
		};
		DD2FCB262CA52332004E9222 /* MainScreenTests */ = {
			isa = PBXGroup;
			children = (
				DD2FCB042CA50D57004E9222 /* MainScreenViewControllerTests.swift */,
				DD2FCB0A2CA5154F004E9222 /* MainScreenViewTests.swift */,
				DD2FCB142CA51B90004E9222 /* MainScreenPresenterTests.swift */,
				DD2FCB182CA51CFD004E9222 /* MainScreenRouterTests.swift */,
				DD2FCB202CA51E58004E9222 /* MainScreenInteractorTests.swift */,
			);
			path = MainScreenTests;
			sourceTree = "<group>";
		};
		DD2FCB272CA525CA004E9222 /* TaskScreenModule */ = {
			isa = PBXGroup;
			children = (
				DD2FCB282CA525D2004E9222 /* TaskScreenMocks */,
				DD2FCB292CA525D9004E9222 /* TaskScreenTests */,
			);
			path = TaskScreenModule;
			sourceTree = "<group>";
		};
		DD2FCB282CA525D2004E9222 /* TaskScreenMocks */ = {
			isa = PBXGroup;
			children = (
				DD2FCB2A2CA525F6004E9222 /* MockObjects */,
				DD2FCB2B2CA52602004E9222 /* MockProtocols */,
			);
			path = TaskScreenMocks;
			sourceTree = "<group>";
		};
		DD2FCB292CA525D9004E9222 /* TaskScreenTests */ = {
			isa = PBXGroup;
			children = (
				DD2FCB2C2CA527B2004E9222 /* TaskScreenViewControllerTests.swift */,
				DD2FCB302CA528CD004E9222 /* TaskScreenViewTests.swift */,
				DD2FCB322CA529CE004E9222 /* TaskScreenPresenterTests.swift */,
				DD2FCB3C2CA53533004E9222 /* TaskScreenInteractorTests.swift */,
				DD2FCB422CA539D7004E9222 /* TaskScreenRouterTests.swift */,
			);
			path = TaskScreenTests;
			sourceTree = "<group>";
		};
		DD2FCB2A2CA525F6004E9222 /* MockObjects */ = {
			isa = PBXGroup;
			children = (
				DD2FCB2E2CA52854004E9222 /* TaskScreenPresenterMock.swift */,
				DD2FCB342CA52A53004E9222 /* TaskScreenInteractorMock.swift */,
				DD2FCB362CA52ABB004E9222 /* TaskScreenRouterMock.swift */,
				DD2FCB382CA532F6004E9222 /* TaskScreenViewControllerMock.swift */,
				DD2FCB3A2CA5341C004E9222 /* TaskScreenViewControllerInputMock.swift */,
				DD2FCB3E2CA536AE004E9222 /* UserManagerMock.swift */,
				DD2FCB402CA536D1004E9222 /* TaskIDManegerMock.swift */,
				DD2FCB442CA53A06004E9222 /* ViewControllerMock.swift */,
			);
			path = MockObjects;
			sourceTree = "<group>";
		};
		DD2FCB2B2CA52602004E9222 /* MockProtocols */ = {
			isa = PBXGroup;
			children = (
			);
			path = MockProtocols;
			sourceTree = "<group>";
		};
/* End PBXGroup section */

/* Begin PBXNativeTarget section */
		A2B29B872C93C49500986359 /* ToDoJson */ = {
			isa = PBXNativeTarget;
			buildConfigurationList = A2B29B9C2C93C49700986359 /* Build configuration list for PBXNativeTarget "ToDoJson" */;
			buildPhases = (
				A2B29B842C93C49500986359 /* Sources */,
				A2B29B852C93C49500986359 /* Frameworks */,
				A2B29B862C93C49500986359 /* Resources */,
			);
			buildRules = (
			);
			dependencies = (
			);
			name = ToDoJson;
			productName = ToDoJson;
			productReference = A2B29B882C93C49500986359 /* ToDoJson.app */;
			productType = "com.apple.product-type.application";
		};
		DD2FCAF92CA50C9E004E9222 /* ToDoJsonTests */ = {
			isa = PBXNativeTarget;
			buildConfigurationList = DD2FCB002CA50C9E004E9222 /* Build configuration list for PBXNativeTarget "ToDoJsonTests" */;
			buildPhases = (
				DD2FCAF62CA50C9E004E9222 /* Sources */,
				DD2FCAF72CA50C9E004E9222 /* Frameworks */,
				DD2FCAF82CA50C9E004E9222 /* Resources */,
			);
			buildRules = (
			);
			dependencies = (
				DD2FCAFF2CA50C9E004E9222 /* PBXTargetDependency */,
			);
			name = ToDoJsonTests;
			productName = ToDoJsonTests;
			productReference = DD2FCAFA2CA50C9E004E9222 /* ToDoJsonTests.xctest */;
			productType = "com.apple.product-type.bundle.unit-test";
		};
/* End PBXNativeTarget section */

/* Begin PBXProject section */
		A2B29B802C93C49500986359 /* Project object */ = {
			isa = PBXProject;
			attributes = {
				BuildIndependentTargetsInParallel = 1;
				LastSwiftUpdateCheck = 1420;
				LastUpgradeCheck = 1520;
				TargetAttributes = {
					A2B29B872C93C49500986359 = {
						CreatedOnToolsVersion = 15.2;
					};
					DD2FCAF92CA50C9E004E9222 = {
						CreatedOnToolsVersion = 14.2;
						TestTargetID = A2B29B872C93C49500986359;
					};
				};
			};
			buildConfigurationList = A2B29B832C93C49500986359 /* Build configuration list for PBXProject "ToDoJson" */;
			compatibilityVersion = "Xcode 14.0";
			developmentRegion = en;
			hasScannedForEncodings = 0;
			knownRegions = (
				en,
				Base,
			);
			mainGroup = A2B29B7F2C93C49500986359;
			productRefGroup = A2B29B892C93C49500986359 /* Products */;
			projectDirPath = "";
			projectRoot = "";
			targets = (
				A2B29B872C93C49500986359 /* ToDoJson */,
				DD2FCAF92CA50C9E004E9222 /* ToDoJsonTests */,
			);
		};
/* End PBXProject section */

/* Begin PBXResourcesBuildPhase section */
		A2B29B862C93C49500986359 /* Resources */ = {
			isa = PBXResourcesBuildPhase;
			buildActionMask = 2147483647;
			files = (
				A2B29B952C93C49700986359 /* Assets.xcassets in Resources */,
			);
			runOnlyForDeploymentPostprocessing = 0;
		};
		DD2FCAF82CA50C9E004E9222 /* Resources */ = {
			isa = PBXResourcesBuildPhase;
			buildActionMask = 2147483647;
			files = (
			);
			runOnlyForDeploymentPostprocessing = 0;
		};
/* End PBXResourcesBuildPhase section */

/* Begin PBXSourcesBuildPhase section */
		A2B29B842C93C49500986359 /* Sources */ = {
			isa = PBXSourcesBuildPhase;
			buildActionMask = 2147483647;
			files = (
				A2B29B902C93C49500986359 /* MainScreenViewController.swift in Sources */,
				A2D7C8262C99671F0038DC93 /* TaskScreenPresenter.swift in Sources */,
				A2BBAE732C93E0C100F65ADA /* MainScreenView.swift in Sources */,
				A2FB18782C951C7000B5D2FD /* PersistentContainer.swift in Sources */,
				A2BBAEA32C93FE5900F65ADA /* MainScreenRouter.swift in Sources */,
				DDCB757E2CA636CC00671699 /* MainScreenContract.swift in Sources */,
				A2D7C82A2C9967530038DC93 /* TaskScreenRouter.swift in Sources */,
				A2BBAE9F2C93FE4700F65ADA /* MainScreenPresenter.swift in Sources */,
				A2C28D452C966CD4001D055C /* ToDoMO+CoreDataClass.swift in Sources */,
				A2BBAEA82C940EDE00F65ADA /* ToDo.swift in Sources */,
				A2B29B8C2C93C49500986359 /* AppDelegate.swift in Sources */,
				A2D7C8202C9967010038DC93 /* TaskScreenViewController.swift in Sources */,
				A2A319CB2C951797001E2B66 /* ToDoDataModel.xcdatamodeld in Sources */,
				DD2FCAF52CA4FE27004E9222 /* TaskIDManger.swift in Sources */,
				A2D7C8242C9967150038DC93 /* TaskScreenInteractor.swift in Sources */,
				A2FB187A2C951FF400B5D2FD /* ToDoDataManager.swift in Sources */,
				A2BBAEAA2C940EF600F65ADA /* ToDoService.swift in Sources */,
				A2D7C82C2C996C690038DC93 /* UIColor+CustomColor.swift in Sources */,
				DD2FCAF32CA4FE00004E9222 /* UserManager.swift in Sources */,
				A2D7C8222C99670A0038DC93 /* TaskScreenView.swift in Sources */,
				A2BBAE712C93E0A600F65ADA /* GenericViewController.swift in Sources */,
				A2BBAE9D2C93FE4100F65ADA /* MainScreenInteractor.swift in Sources */,
				A2B29B8E2C93C49500986359 /* SceneDelegate.swift in Sources */,
				A2C28D4A2C968D23001D055C /* ToDoCell.swift in Sources */,
				A2C468282C9FE52000ECCF90 /* Category.swift in Sources */,
			);
			runOnlyForDeploymentPostprocessing = 0;
		};
		DD2FCAF62CA50C9E004E9222 /* Sources */ = {
			isa = PBXSourcesBuildPhase;
			buildActionMask = 2147483647;
			files = (
				DD2FCB0B2CA5154F004E9222 /* MainScreenViewTests.swift in Sources */,
				DD2FCB372CA52ABB004E9222 /* TaskScreenRouterMock.swift in Sources */,
				DD2FCB212CA51E58004E9222 /* MainScreenInteractorTests.swift in Sources */,
				DD2FCB412CA536D1004E9222 /* TaskIDManegerMock.swift in Sources */,
				DD2FCB232CA51FF8004E9222 /* MainScreenPresenterMock.swift in Sources */,
				DD2FCB0D2CA5175E004E9222 /* MainScreenPresenterProtocolMock.swift in Sources */,
				DD2FCB112CA51AF2004E9222 /* MainScreenViewInputMock.swift in Sources */,
				DD2FCB312CA528CD004E9222 /* TaskScreenViewTests.swift in Sources */,
				DD2FCB1B2CA51D45004E9222 /* UIViewControllerMock.swift in Sources */,
				DD2FCB172CA51BD4004E9222 /* MainScreenRouterProtocolMock.swift in Sources */,
				DD2FCB452CA53A06004E9222 /* ViewControllerMock.swift in Sources */,
				DD2FCB3B2CA5341C004E9222 /* TaskScreenViewControllerInputMock.swift in Sources */,
				DD2FCB1D2CA51DD3004E9222 /* ToDoServiceMock.swift in Sources */,
				DD2FCB152CA51B90004E9222 /* MainScreenPresenterTests.swift in Sources */,
				DD2FCB132CA51B1F004E9222 /* MainScreenInteractorProtocolMock.swift in Sources */,
				DD2FCB052CA50D57004E9222 /* MainScreenViewControllerTests.swift in Sources */,
				DD2FCB2F2CA52854004E9222 /* TaskScreenPresenterMock.swift in Sources */,
				DD2FCB332CA529CE004E9222 /* TaskScreenPresenterTests.swift in Sources */,
				DD2FCB432CA539D7004E9222 /* TaskScreenRouterTests.swift in Sources */,
				DD2FCB2D2CA527B2004E9222 /* TaskScreenViewControllerTests.swift in Sources */,
				DD2FCB352CA52A53004E9222 /* TaskScreenInteractorMock.swift in Sources */,
				DD2FCB3F2CA536AE004E9222 /* UserManagerMock.swift in Sources */,
				DD2FCB392CA532F6004E9222 /* TaskScreenViewControllerMock.swift in Sources */,
				DD2FCB1F2CA51E02004E9222 /* ToDoDataManagerMock.swift in Sources */,
				DD2FCB192CA51CFD004E9222 /* MainScreenRouterTests.swift in Sources */,
				DD2FCB3D2CA53534004E9222 /* TaskScreenInteractorTests.swift in Sources */,
			);
			runOnlyForDeploymentPostprocessing = 0;
		};
/* End PBXSourcesBuildPhase section */

/* Begin PBXTargetDependency section */
		DD2FCAFF2CA50C9E004E9222 /* PBXTargetDependency */ = {
			isa = PBXTargetDependency;
			target = A2B29B872C93C49500986359 /* ToDoJson */;
			targetProxy = DD2FCAFE2CA50C9E004E9222 /* PBXContainerItemProxy */;
		};
/* End PBXTargetDependency section */

/* Begin XCBuildConfiguration section */
		A2B29B9A2C93C49700986359 /* Debug */ = {
			isa = XCBuildConfiguration;
			buildSettings = {
				ALWAYS_SEARCH_USER_PATHS = NO;
				ASSETCATALOG_COMPILER_GENERATE_SWIFT_ASSET_SYMBOL_EXTENSIONS = YES;
				CLANG_ANALYZER_NONNULL = YES;
				CLANG_ANALYZER_NUMBER_OBJECT_CONVERSION = YES_AGGRESSIVE;
				CLANG_CXX_LANGUAGE_STANDARD = "gnu++20";
				CLANG_ENABLE_MODULES = YES;
				CLANG_ENABLE_OBJC_ARC = YES;
				CLANG_ENABLE_OBJC_WEAK = YES;
				CLANG_WARN_BLOCK_CAPTURE_AUTORELEASING = YES;
				CLANG_WARN_BOOL_CONVERSION = YES;
				CLANG_WARN_COMMA = YES;
				CLANG_WARN_CONSTANT_CONVERSION = YES;
				CLANG_WARN_DEPRECATED_OBJC_IMPLEMENTATIONS = YES;
				CLANG_WARN_DIRECT_OBJC_ISA_USAGE = YES_ERROR;
				CLANG_WARN_DOCUMENTATION_COMMENTS = YES;
				CLANG_WARN_EMPTY_BODY = YES;
				CLANG_WARN_ENUM_CONVERSION = YES;
				CLANG_WARN_INFINITE_RECURSION = YES;
				CLANG_WARN_INT_CONVERSION = YES;
				CLANG_WARN_NON_LITERAL_NULL_CONVERSION = YES;
				CLANG_WARN_OBJC_IMPLICIT_RETAIN_SELF = YES;
				CLANG_WARN_OBJC_LITERAL_CONVERSION = YES;
				CLANG_WARN_OBJC_ROOT_CLASS = YES_ERROR;
				CLANG_WARN_QUOTED_INCLUDE_IN_FRAMEWORK_HEADER = YES;
				CLANG_WARN_RANGE_LOOP_ANALYSIS = YES;
				CLANG_WARN_STRICT_PROTOTYPES = YES;
				CLANG_WARN_SUSPICIOUS_MOVE = YES;
				CLANG_WARN_UNGUARDED_AVAILABILITY = YES_AGGRESSIVE;
				CLANG_WARN_UNREACHABLE_CODE = YES;
				CLANG_WARN__DUPLICATE_METHOD_MATCH = YES;
				COPY_PHASE_STRIP = NO;
				DEBUG_INFORMATION_FORMAT = dwarf;
				ENABLE_STRICT_OBJC_MSGSEND = YES;
				ENABLE_TESTABILITY = YES;
				ENABLE_USER_SCRIPT_SANDBOXING = YES;
				GCC_C_LANGUAGE_STANDARD = gnu17;
				GCC_DYNAMIC_NO_PIC = NO;
				GCC_NO_COMMON_BLOCKS = YES;
				GCC_OPTIMIZATION_LEVEL = 0;
				GCC_PREPROCESSOR_DEFINITIONS = (
					"DEBUG=1",
					"$(inherited)",
				);
				GCC_WARN_64_TO_32_BIT_CONVERSION = YES;
				GCC_WARN_ABOUT_RETURN_TYPE = YES_ERROR;
				GCC_WARN_UNDECLARED_SELECTOR = YES;
				GCC_WARN_UNINITIALIZED_AUTOS = YES_AGGRESSIVE;
				GCC_WARN_UNUSED_FUNCTION = YES;
				GCC_WARN_UNUSED_VARIABLE = YES;
				IPHONEOS_DEPLOYMENT_TARGET = 15.0;
				LOCALIZATION_PREFERS_STRING_CATALOGS = YES;
				MTL_ENABLE_DEBUG_INFO = INCLUDE_SOURCE;
				MTL_FAST_MATH = YES;
				ONLY_ACTIVE_ARCH = YES;
				SDKROOT = iphoneos;
				SWIFT_ACTIVE_COMPILATION_CONDITIONS = "DEBUG $(inherited)";
				SWIFT_OPTIMIZATION_LEVEL = "-Onone";
				SWIFT_VERSION = 4.0;
			};
			name = Debug;
		};
		A2B29B9B2C93C49700986359 /* Release */ = {
			isa = XCBuildConfiguration;
			buildSettings = {
				ALWAYS_SEARCH_USER_PATHS = NO;
				ASSETCATALOG_COMPILER_GENERATE_SWIFT_ASSET_SYMBOL_EXTENSIONS = YES;
				CLANG_ANALYZER_NONNULL = YES;
				CLANG_ANALYZER_NUMBER_OBJECT_CONVERSION = YES_AGGRESSIVE;
				CLANG_CXX_LANGUAGE_STANDARD = "gnu++20";
				CLANG_ENABLE_MODULES = YES;
				CLANG_ENABLE_OBJC_ARC = YES;
				CLANG_ENABLE_OBJC_WEAK = YES;
				CLANG_WARN_BLOCK_CAPTURE_AUTORELEASING = YES;
				CLANG_WARN_BOOL_CONVERSION = YES;
				CLANG_WARN_COMMA = YES;
				CLANG_WARN_CONSTANT_CONVERSION = YES;
				CLANG_WARN_DEPRECATED_OBJC_IMPLEMENTATIONS = YES;
				CLANG_WARN_DIRECT_OBJC_ISA_USAGE = YES_ERROR;
				CLANG_WARN_DOCUMENTATION_COMMENTS = YES;
				CLANG_WARN_EMPTY_BODY = YES;
				CLANG_WARN_ENUM_CONVERSION = YES;
				CLANG_WARN_INFINITE_RECURSION = YES;
				CLANG_WARN_INT_CONVERSION = YES;
				CLANG_WARN_NON_LITERAL_NULL_CONVERSION = YES;
				CLANG_WARN_OBJC_IMPLICIT_RETAIN_SELF = YES;
				CLANG_WARN_OBJC_LITERAL_CONVERSION = YES;
				CLANG_WARN_OBJC_ROOT_CLASS = YES_ERROR;
				CLANG_WARN_QUOTED_INCLUDE_IN_FRAMEWORK_HEADER = YES;
				CLANG_WARN_RANGE_LOOP_ANALYSIS = YES;
				CLANG_WARN_STRICT_PROTOTYPES = YES;
				CLANG_WARN_SUSPICIOUS_MOVE = YES;
				CLANG_WARN_UNGUARDED_AVAILABILITY = YES_AGGRESSIVE;
				CLANG_WARN_UNREACHABLE_CODE = YES;
				CLANG_WARN__DUPLICATE_METHOD_MATCH = YES;
				COPY_PHASE_STRIP = NO;
				DEBUG_INFORMATION_FORMAT = "dwarf-with-dsym";
				ENABLE_NS_ASSERTIONS = NO;
				ENABLE_STRICT_OBJC_MSGSEND = YES;
				ENABLE_USER_SCRIPT_SANDBOXING = YES;
				GCC_C_LANGUAGE_STANDARD = gnu17;
				GCC_NO_COMMON_BLOCKS = YES;
				GCC_WARN_64_TO_32_BIT_CONVERSION = YES;
				GCC_WARN_ABOUT_RETURN_TYPE = YES_ERROR;
				GCC_WARN_UNDECLARED_SELECTOR = YES;
				GCC_WARN_UNINITIALIZED_AUTOS = YES_AGGRESSIVE;
				GCC_WARN_UNUSED_FUNCTION = YES;
				GCC_WARN_UNUSED_VARIABLE = YES;
				IPHONEOS_DEPLOYMENT_TARGET = 15.0;
				LOCALIZATION_PREFERS_STRING_CATALOGS = YES;
				MTL_ENABLE_DEBUG_INFO = NO;
				MTL_FAST_MATH = YES;
				SDKROOT = iphoneos;
				SWIFT_COMPILATION_MODE = wholemodule;
				SWIFT_VERSION = 4.0;
				VALIDATE_PRODUCT = YES;
			};
			name = Release;
		};
		A2B29B9D2C93C49700986359 /* Debug */ = {
			isa = XCBuildConfiguration;
			buildSettings = {
				ASSETCATALOG_COMPILER_APPICON_NAME = AppIcon;
				ASSETCATALOG_COMPILER_GLOBAL_ACCENT_COLOR_NAME = AccentColor;
				CODE_SIGN_IDENTITY = "Apple Development";
				CODE_SIGN_STYLE = Automatic;
				CURRENT_PROJECT_VERSION = 1;
				DEVELOPMENT_TEAM = 7YW3V66545;
				GENERATE_INFOPLIST_FILE = YES;
				INFOPLIST_FILE = ToDoJson/Resources/Info.plist;
				INFOPLIST_KEY_UIApplicationSupportsIndirectInputEvents = YES;
				INFOPLIST_KEY_UISupportedInterfaceOrientations = UIInterfaceOrientationPortrait;
				INFOPLIST_KEY_UISupportedInterfaceOrientations_iPad = "UIInterfaceOrientationLandscapeLeft UIInterfaceOrientationLandscapeRight UIInterfaceOrientationPortrait UIInterfaceOrientationPortraitUpsideDown";
				INFOPLIST_KEY_UIUserInterfaceStyle = Light;
				LD_RUNPATH_SEARCH_PATHS = (
					"$(inherited)",
					"@executable_path/Frameworks",
				);
				MARKETING_VERSION = 1.0;
				PRODUCT_BUNDLE_IDENTIFIER = Hieronius.ToDoJson;
				PRODUCT_NAME = "$(TARGET_NAME)";
				PROVISIONING_PROFILE_SPECIFIER = "";
				SUPPORTED_PLATFORMS = "iphoneos iphonesimulator";
				SUPPORTS_MACCATALYST = NO;
				SUPPORTS_MAC_DESIGNED_FOR_IPHONE_IPAD = NO;
				SUPPORTS_XR_DESIGNED_FOR_IPHONE_IPAD = NO;
				SWIFT_EMIT_LOC_STRINGS = YES;
				SWIFT_VERSION = 5.0;
				TARGETED_DEVICE_FAMILY = 1;
			};
			name = Debug;
		};
		A2B29B9E2C93C49700986359 /* Release */ = {
			isa = XCBuildConfiguration;
			buildSettings = {
				ASSETCATALOG_COMPILER_APPICON_NAME = AppIcon;
				ASSETCATALOG_COMPILER_GLOBAL_ACCENT_COLOR_NAME = AccentColor;
				CODE_SIGN_IDENTITY = "Apple Development";
				CODE_SIGN_STYLE = Automatic;
				CURRENT_PROJECT_VERSION = 1;
				DEVELOPMENT_TEAM = 7YW3V66545;
				GENERATE_INFOPLIST_FILE = YES;
				INFOPLIST_FILE = ToDoJson/Resources/Info.plist;
				INFOPLIST_KEY_UIApplicationSupportsIndirectInputEvents = YES;
				INFOPLIST_KEY_UISupportedInterfaceOrientations = UIInterfaceOrientationPortrait;
				INFOPLIST_KEY_UISupportedInterfaceOrientations_iPad = "UIInterfaceOrientationLandscapeLeft UIInterfaceOrientationLandscapeRight UIInterfaceOrientationPortrait UIInterfaceOrientationPortraitUpsideDown";
				INFOPLIST_KEY_UIUserInterfaceStyle = Light;
				LD_RUNPATH_SEARCH_PATHS = (
					"$(inherited)",
					"@executable_path/Frameworks",
				);
				MARKETING_VERSION = 1.0;
				PRODUCT_BUNDLE_IDENTIFIER = Hieronius.ToDoJson;
				PRODUCT_NAME = "$(TARGET_NAME)";
				PROVISIONING_PROFILE_SPECIFIER = "";
				SUPPORTED_PLATFORMS = "iphoneos iphonesimulator";
				SUPPORTS_MACCATALYST = NO;
				SUPPORTS_MAC_DESIGNED_FOR_IPHONE_IPAD = NO;
				SUPPORTS_XR_DESIGNED_FOR_IPHONE_IPAD = NO;
				SWIFT_EMIT_LOC_STRINGS = YES;
				SWIFT_VERSION = 5.0;
				TARGETED_DEVICE_FAMILY = 1;
			};
			name = Release;
		};
		DD2FCB012CA50C9E004E9222 /* Debug */ = {
			isa = XCBuildConfiguration;
			buildSettings = {
				BUNDLE_LOADER = "$(TEST_HOST)";
				CODE_SIGN_STYLE = Automatic;
				CURRENT_PROJECT_VERSION = 1;
				DEVELOPMENT_TEAM = 7YW3V66545;
				GCC_C_LANGUAGE_STANDARD = gnu11;
				GENERATE_INFOPLIST_FILE = YES;
				IPHONEOS_DEPLOYMENT_TARGET = 16.2;
				MARKETING_VERSION = 1.0;
				PRODUCT_BUNDLE_IDENTIFIER = HieroniusTeam.ToDoJsonTests;
				PRODUCT_NAME = "$(TARGET_NAME)";
				SWIFT_ACTIVE_COMPILATION_CONDITIONS = DEBUG;
				SWIFT_EMIT_LOC_STRINGS = NO;
				SWIFT_VERSION = 5.0;
				TARGETED_DEVICE_FAMILY = "1,2";
				TEST_HOST = "$(BUILT_PRODUCTS_DIR)/ToDoJson.app/$(BUNDLE_EXECUTABLE_FOLDER_PATH)/ToDoJson";
			};
			name = Debug;
		};
		DD2FCB022CA50C9E004E9222 /* Release */ = {
			isa = XCBuildConfiguration;
			buildSettings = {
				BUNDLE_LOADER = "$(TEST_HOST)";
				CODE_SIGN_STYLE = Automatic;
				CURRENT_PROJECT_VERSION = 1;
				DEVELOPMENT_TEAM = 7YW3V66545;
				GCC_C_LANGUAGE_STANDARD = gnu11;
				GENERATE_INFOPLIST_FILE = YES;
				IPHONEOS_DEPLOYMENT_TARGET = 16.2;
				MARKETING_VERSION = 1.0;
				PRODUCT_BUNDLE_IDENTIFIER = HieroniusTeam.ToDoJsonTests;
				PRODUCT_NAME = "$(TARGET_NAME)";
				SWIFT_EMIT_LOC_STRINGS = NO;
				SWIFT_OPTIMIZATION_LEVEL = "-O";
				SWIFT_VERSION = 5.0;
				TARGETED_DEVICE_FAMILY = "1,2";
				TEST_HOST = "$(BUILT_PRODUCTS_DIR)/ToDoJson.app/$(BUNDLE_EXECUTABLE_FOLDER_PATH)/ToDoJson";
			};
			name = Release;
		};
/* End XCBuildConfiguration section */

/* Begin XCConfigurationList section */
		A2B29B832C93C49500986359 /* Build configuration list for PBXProject "ToDoJson" */ = {
			isa = XCConfigurationList;
			buildConfigurations = (
				A2B29B9A2C93C49700986359 /* Debug */,
				A2B29B9B2C93C49700986359 /* Release */,
			);
			defaultConfigurationIsVisible = 0;
			defaultConfigurationName = Release;
		};
		A2B29B9C2C93C49700986359 /* Build configuration list for PBXNativeTarget "ToDoJson" */ = {
			isa = XCConfigurationList;
			buildConfigurations = (
				A2B29B9D2C93C49700986359 /* Debug */,
				A2B29B9E2C93C49700986359 /* Release */,
			);
			defaultConfigurationIsVisible = 0;
			defaultConfigurationName = Release;
		};
		DD2FCB002CA50C9E004E9222 /* Build configuration list for PBXNativeTarget "ToDoJsonTests" */ = {
			isa = XCConfigurationList;
			buildConfigurations = (
				DD2FCB012CA50C9E004E9222 /* Debug */,
				DD2FCB022CA50C9E004E9222 /* Release */,
			);
			defaultConfigurationIsVisible = 0;
			defaultConfigurationName = Release;
		};
/* End XCConfigurationList section */

/* Begin XCVersionGroup section */
		A2A319C92C951797001E2B66 /* ToDoDataModel.xcdatamodeld */ = {
			isa = XCVersionGroup;
			children = (
				A2A319CA2C951797001E2B66 /* ToDoDataModel.xcdatamodel */,
			);
			currentVersion = A2A319CA2C951797001E2B66 /* ToDoDataModel.xcdatamodel */;
			path = ToDoDataModel.xcdatamodeld;
			sourceTree = "<group>";
			versionGroupType = wrapper.xcdatamodel;
		};
/* End XCVersionGroup section */
	};
	rootObject = A2B29B802C93C49500986359 /* Project object */;
}
